
Microsoft Visual Studio Solution File, Format Version 12.00
# Visual Studio Version 17
VisualStudioVersion = 17.13.35828.75 d17.13
MinimumVisualStudioVersion = 10.0.40219.1
Project("{FAE04EC0-301F-11D3-BF4B-00C04F79EFBC}") = "MicroSerices.Auth.API", "MicroSerices.Auth.API\MicroSerices.Auth.API.csproj", "{FB080E66-095A-4818-A477-1D4052C19D3C}"
EndProject
Global
	GlobalSection(SolutionConfigurationPlatforms) = preSolution
		Debug|Any CPU = Debug|Any CPU
		Release|Any CPU = Release|Any CPU
	EndGlobalSection
	GlobalSection(ProjectConfigurationPlatforms) = postSolution
		{FB080E66-095A-4818-A477-1D4052C19D3C}.Debug|Any CPU.ActiveCfg = Debug|Any CPU
		{FB080E66-095A-4818-A477-1D4052C19D3C}.Debug|Any CPU.Build.0 = Debug|Any CPU
		{FB080E66-095A-4818-A477-1D4052C19D3C}.Release|Any CPU.ActiveCfg = Release|Any CPU
		{FB080E66-095A-4818-A477-1D4052C19D3C}.Release|Any CPU.Build.0 = Release|Any CPU
	EndGlobalSection
	GlobalSection(SolutionProperties) = preSolution
		HideSolutionNode = FALSE
	EndGlobalSection
	GlobalSection(ExtensibilityGlobals) = postSolution
		SolutionGuid = {75782CA7-A0F4-4190-A6CE-3D52F638169C}
	EndGlobalSection
EndGlobal
